{
  "version": 4,
  "terraform_version": "1.8.2",
  "serial": 10,
  "lineage": "f0eb8c2e-acf4-8445-ad09-823407d2cf89",
  "outputs": {},
  "resources": [
    {
      "mode": "managed",
      "type": "local_file",
      "name": "Hello_world",
      "provider": "provider[\"registry.terraform.io/hashicorp/local\"]",
      "instances": [
        {
          "schema_version": 0,
          "attributes": {
            "content": "end",
            "content_base64": null,
            "content_base64sha256": "Nh5I0DCPIOMtul+1Yyi68Y1y7wzLQ7hPXCYtKmofxsg=",
            "content_base64sha512": "tNbVcyl5DHirFoXNoboDYozmfSYY9aSr2OUd1EwmU0YvBTHZhLZxDBtuP/hMPKDWHu66kCzMerCr/6uK+/S64w==",
            "content_md5": "7f021a1415b86f2d013b2618fb31ae53",
            "content_sha1": "7a92f3d26362d6557d5701de77a63a01df61e57f",
            "content_sha256": "361e48d0308f20e32dba5fb56328baf18d72ef0ccb43b84f5c262d2a6a1fc6c8",
            "content_sha512": "b4d6d57329790c78ab1685cda1ba03628ce67d2618f5a4abd8e51dd44c2653462f0531d984b6710c1b6e3ff84c3ca0d61eeeba902ccc7ab0abffab8afbf4bae3",
            "directory_permission": "0777",
            "file_permission": "0777",
            "filename": "./outputs.tf",
            "id": "7a92f3d26362d6557d5701de77a63a01df61e57f",
            "sensitive_content": null,
            "source": null
          },
          "sensitive_attributes": [
            [
              {
                "type": "get_attr",
                "value": "sensitive_content"
              }
            ]
          ]
        }
      ]
    }
  ],
  "check_results": null
}
